
Microsoft Visual Studio Solution File, Format Version 12.00
# Visual Studio Version 17
VisualStudioVersion = 17.8.34525.116
MinimumVisualStudioVersion = 10.0.40219.1
Project("{FAE04EC0-301F-11D3-BF4B-00C04F79EFBC}") = "ConsoleApp1", "ConsoleApp1\ConsoleApp1.csproj", "{34EFEBB5-ED75-4072-BAB8-18BAEF99F317}"
EndProject
Global
	GlobalSection(SolutionConfigurationPlatforms) = preSolution
		Debug|Any CPU = Debug|Any CPU
		Release|Any CPU = Release|Any CPU
	EndGlobalSection
	GlobalSection(ProjectConfigurationPlatforms) = postSolution
		{34EFEBB5-ED75-4072-BAB8-18BAEF99F317}.Debug|Any CPU.ActiveCfg = Debug|Any CPU
		{34EFEBB5-ED75-4072-BAB8-18BAEF99F317}.Debug|Any CPU.Build.0 = Debug|Any CPU
		{34EFEBB5-ED75-4072-BAB8-18BAEF99F317}.Release|Any CPU.ActiveCfg = Release|Any CPU
		{34EFEBB5-ED75-4072-BAB8-18BAEF99F317}.Release|Any CPU.Build.0 = Release|Any CPU
	EndGlobalSection
	GlobalSection(SolutionProperties) = preSolution
		HideSolutionNode = FALSE
	EndGlobalSection
	GlobalSection(ExtensibilityGlobals) = postSolution
		SolutionGuid = {D101043C-28EF-4201-A98C-101556540AF6}
	EndGlobalSection
EndGlobal
